<?xml version="1.0" encoding="utf-8"?>
<Project ToolsVersion="4.0" xmlns="http://schemas.microsoft.com/developer/msbuild/2003">
  <ItemGroup>
    <Filter Include="win32">
      <UniqueIdentifier>{84a8ebd7-7cf0-47f6-b75e-d441df67da40}</UniqueIdentifier>
    </Filter>
    <Filter Include="resource">
      <UniqueIdentifier>{715254bc-d70b-4ec5-bf29-467dd3ace079}</UniqueIdentifier>
    </Filter>
    <Filter Include="src">
      <UniqueIdentifier>{bb6c862e-70e9-49d9-81b7-3829a6f50471}</UniqueIdentifier>
    </Filter>
  </ItemGroup>
  <ItemGroup>
    <ClCompile Include="main.cpp">
      <Filter>win32</Filter>
    </ClCompile>
    <ClCompile Include="..\Classes\AppDelegate.cpp">
      <Filter>src</Filter>
    </ClCompile>
    <ClCompile Include="..\Classes\HelloWorldScene.cpp">
      <Filter>src</Filter>
    </ClCompile>
    <ClCompile Include="..\Classes\Menu.cpp">
      <Filter>src</Filter>
    </ClCompile>
    <ClCompile Include="..\Classes\GameScene.cpp">
      <Filter>src</Filter>
    </ClCompile>
    <ClCompile Include="..\Classes\Player.cpp">
      <Filter>src</Filter>
    </ClCompile>
    <ClCompile Include="..\Classes\GameClock.cpp" />
    <ClCompile Include="..\Classes\Wallet.cpp" />
    <ClCompile Include="..\Classes\HudLayer.cpp" />
    <ClCompile Include="..\Classes\CropSystem.cpp" />
    <ClCompile Include="..\Classes\Inventory.cpp" />
    <ClCompile Include="..\Classes\ExperienceSystem.cpp" />
    <ClCompile Include="..\Classes\EnergySystem.cpp" />
    <ClCompile Include="..\Classes\ForageSystem.cpp" />
    <ClCompile Include="..\Classes\PauseLayer.cpp" />
    <ClCompile Include="..\Classes\Animal.cpp">
      <Filter>src</Filter>
    </ClCompile>
    <ClCompile Include="..\Classes\AnimalSystem.cpp">
      <Filter>src</Filter>
    </ClCompile>
    <ClCompile Include="..\Classes\Basket.cpp">
      <Filter>src</Filter>
    </ClCompile>
    <ClCompile Include="..\Classes\Sleep.cpp" />
    <ClCompile Include="..\Classes\Input.cpp" />
    <ClCompile Include="..\Classes\Obstacles.cpp" />
    <ClCompile Include="..\Classes\Fishing.cpp" />
    <ClCompile Include="..\Classes\AIStrategy.cpp">
      <Filter>src</Filter>
    </ClCompile>
  </ItemGroup>
  <ItemGroup>
    <ClInclude Include="main.h">
      <Filter>win32</Filter>
    </ClInclude>
    <ClInclude Include="..\Classes\AppDelegate.h">
      <Filter>src</Filter>
    </ClInclude>
    <ClInclude Include="..\Classes\HelloWorldScene.h">
      <Filter>src</Filter>
    </ClInclude>
    <ClInclude Include="..\Classes\Menu.h">
      <Filter>src</Filter>
    </ClInclude>
    <ClInclude Include="..\Classes\GameScene.h">
      <Filter>src</Filter>
    </ClInclude>
    <ClInclude Include="..\Classes\Player.h">
      <Filter>src</Filter>
    </ClInclude>
    <ClInclude Include="..\Classes\EnergySystem.h">
      <Filter>src</Filter>
    </ClInclude>
    <ClInclude Include="..\Classes\GameClock.h" />
    <ClInclude Include="..\Classes\Wallet.h" />
    <ClInclude Include="..\Classes\HudLayer.h" />
    <ClInclude Include="..\Classes\CropSystem.h" />
    <ClInclude Include="..\Classes\Inventory.h" />
    <ClInclude Include="..\Classes\ExperienceSystem.h" />
    <ClInclude Include="..\Classes\ForageSystem.h" />
    <ClInclude Include="..\Classes\PauseLayer.h" />
    <ClInclude Include="..\Classes\Item.h" />
    <ClInclude Include="..\Classes\Animal.h">
      <Filter>src</Filter>
    </ClInclude>
    <ClInclude Include="..\Classes\AnimalSystem.h">
      <Filter>src</Filter>
    </ClInclude>
    <ClInclude Include="..\Classes\Basket.h">
      <Filter>src</Filter>
    </ClInclude>
    <ClInclude Include="..\Classes\FishingMiniGame.h" />
    <ClInclude Include="..\Classes\AIStrategy.h">
      <Filter>src</Filter>
    </ClInclude>
  </ItemGroup>
  <ItemGroup>
    <ResourceCompile Include="game.rc">
      <Filter>resource</Filter>
    </ResourceCompile>
  </ItemGroup>
</Project>